
Microsoft Visual Studio Solution File, Format Version 12.00
# Visual Studio Version 16
VisualStudioVersion = 16.0.31205.134
MinimumVisualStudioVersion = 10.0.40219.1
Project("{FAE04EC0-301F-11D3-BF4B-00C04F79EFBC}") = "Boggle", "Boggle\Boggle.csproj", "{A8D9D950-B2E3-47AE-8A59-E8B347ED511D}"
EndProject
Project("{FAE04EC0-301F-11D3-BF4B-00C04F79EFBC}") = "BoggleTests", "BoggleTests\BoggleTests.csproj", "{79E0EB75-EADC-402B-A76F-A28A49AF01AE}"
EndProject
Global
	GlobalSection(SolutionConfigurationPlatforms) = preSolution
		Debug|Any CPU = Debug|Any CPU
		Release|Any CPU = Release|Any CPU
	EndGlobalSection
	GlobalSection(ProjectConfigurationPlatforms) = postSolution
		{A8D9D950-B2E3-47AE-8A59-E8B347ED511D}.Debug|Any CPU.ActiveCfg = Debug|Any CPU
		{A8D9D950-B2E3-47AE-8A59-E8B347ED511D}.Debug|Any CPU.Build.0 = Debug|Any CPU
		{A8D9D950-B2E3-47AE-8A59-E8B347ED511D}.Release|Any CPU.ActiveCfg = Release|Any CPU
		{A8D9D950-B2E3-47AE-8A59-E8B347ED511D}.Release|Any CPU.Build.0 = Release|Any CPU
		{79E0EB75-EADC-402B-A76F-A28A49AF01AE}.Debug|Any CPU.ActiveCfg = Debug|Any CPU
		{79E0EB75-EADC-402B-A76F-A28A49AF01AE}.Debug|Any CPU.Build.0 = Debug|Any CPU
		{79E0EB75-EADC-402B-A76F-A28A49AF01AE}.Release|Any CPU.ActiveCfg = Release|Any CPU
		{79E0EB75-EADC-402B-A76F-A28A49AF01AE}.Release|Any CPU.Build.0 = Release|Any CPU
	EndGlobalSection
	GlobalSection(SolutionProperties) = preSolution
		HideSolutionNode = FALSE
	EndGlobalSection
	GlobalSection(ExtensibilityGlobals) = postSolution
		SolutionGuid = {C8849589-3C2D-42FC-9524-91852E91172D}
	EndGlobalSection
EndGlobal
